{
  "name": "rtckit-node",
  "version": "0.3.0",
  "lockfileVersion": 3,
  "requires": true,
  "packages": {
    "": {
      "name": "rtckit-node",
      "version": "0.3.0",
      "license": "Apache-2.0",
      "dependencies": {
        "axios": "^1.7.2",
        "debug": "^4.3.5"
      },
      "devDependencies": {
        "@types/debug": "^4.1.12",
        "oxlint": "^0.5.3",
        "typescript": "^5.5.3"
      }
    },
    "node_modules/@oxlint/darwin-arm64": {
      "version": "0.5.3",
      "resolved": "https://registry.npmjs.org/@oxlint/darwin-arm64/-/darwin-arm64-0.5.3.tgz",
      "integrity": "sha512-iMoO+AYbHcxHvIP1eJuGXlD+jaOh5RPdxVVbkQpqCnckBpheUBrQWDVpJSV7nF691vjyVinDnzGyz499dQS9Xg==",
      "cpu": [
        "arm64"
      ],
      "dev": true,
      "optional": true,
      "os": [
        "darwin"
      ]
    },
    "node_modules/@oxlint/darwin-x64": {
      "version": "0.5.3",
      "resolved": "https://registry.npmjs.org/@oxlint/darwin-x64/-/darwin-x64-0.5.3.tgz",
      "integrity": "sha512-tmP+Y0cnMrK9j1H8IgSZMveX/7r6vNNPr3H330xptKomjY5ikuslBOwGRmQ+0JMnfDApOKg78H7l7LlzanmVkg==",
      "cpu": [
        "x64"
      ],
      "dev": true,
      "optional": true,
      "os": [
        "darwin"
      ]
    },
    "node_modules/@oxlint/linux-arm64-gnu": {
      "version": "0.5.3",
      "resolved": "https://registry.npmjs.org/@oxlint/linux-arm64-gnu/-/linux-arm64-gnu-0.5.3.tgz",
      "integrity": "sha512-oYG7b9CI4uam4+P+M8X7iUaBOMU3AM70C44m9i5ESDOJqyLMzH9A8B08dq2sbiEMi1uvQApDce8aQReAPdyaGQ==",
      "cpu": [
        "arm64"
      ],
      "dev": true,
      "optional": true,
      "os": [
        "linux"
      ]
    },
    "node_modules/@oxlint/linux-arm64-musl": {
      "version": "0.5.3",
      "resolved": "https://registry.npmjs.org/@oxlint/linux-arm64-musl/-/linux-arm64-musl-0.5.3.tgz",
      "integrity": "sha512-b5I/5Mj0eh6PByukdpeXY2B+uQBDr+oHxNrJ4eVtpCJ+8snZlnVk7kOR5HBnriWIp1C4uyvSsYUthGOAePdNcQ==",
      "cpu": [
        "arm64"
      ],
      "dev": true,
      "optional": true,
      "os": [
        "linux"
      ]
    },
    "node_modules/@oxlint/linux-x64-gnu": {
      "version": "0.5.3",
      "resolved": "https://registry.npmjs.org/@oxlint/linux-x64-gnu/-/linux-x64-gnu-0.5.3.tgz",
      "integrity": "sha512-UXbzrCU8KFIhEcLEw8ZY4GJ4DCkc0Hh0UodcmyrDnMCPDSFt4NWeTmqw+f7eQlYn2R/NNoZgpZReepYxtS0DQA==",
      "cpu": [
        "x64"
      ],
      "dev": true,
      "optional": true,
      "os": [
        "linux"
      ]
    },
    "node_modules/@oxlint/linux-x64-musl": {
      "version": "0.5.3",
      "resolved": "https://registry.npmjs.org/@oxlint/linux-x64-musl/-/linux-x64-musl-0.5.3.tgz",
      "integrity": "sha512-MCbWmHz6DVbSqv53QBlbpA/I1sirEnnvpWAebho/jf3f6lYy9Nzy29/PoxWcWcYO4xArRJw8TmU6sOwIqZ07OQ==",
      "cpu": [
        "x64"
      ],
      "dev": true,
      "optional": true,
      "os": [
        "linux"
      ]
    },
    "node_modules/@oxlint/win32-arm64": {
      "version": "0.5.3",
      "resolved": "https://registry.npmjs.org/@oxlint/win32-arm64/-/win32-arm64-0.5.3.tgz",
      "integrity": "sha512-XKt+juEXFS3sByy+LMSvSOxdPWZPFCkDSrdBf5gd8eLXvIbBcbMTsx1PE7rP90u5iEDVrq9Z4d/41eREl3Qtew==",
      "cpu": [
        "arm64"
      ],
      "dev": true,
      "optional": true,
      "os": [
        "win32"
      ]
    },
    "node_modules/@oxlint/win32-x64": {
      "version": "0.5.3",
      "resolved": "https://registry.npmjs.org/@oxlint/win32-x64/-/win32-x64-0.5.3.tgz",
      "integrity": "sha512-1NnYzW/J86Uljus2oYxFcQsONZIGlUAG5AUe0q7zKcVoI1acNrBI26QICcS1O846Yd0P3T4MM/e6xbAJ87Di9Q==",
      "cpu": [
        "x64"
      ],
      "dev": true,
      "optional": true,
      "os": [
        "win32"
      ]
    },
    "node_modules/@types/debug": {
      "version": "4.1.12",
      "resolved": "https://registry.npmjs.org/@types/debug/-/debug-4.1.12.tgz",
      "integrity": "sha512-vIChWdVG3LG1SMxEvI/AK+FWJthlrqlTu7fbrlywTkkaONwk/UAGaULXRlf8vkzFBLVm0zkMdCquhL5aOjhXPQ==",
      "dev": true,
      "license": "MIT",
      "dependencies": {
        "@types/ms": "*"
      }
    },
    "node_modules/@types/ms": {
      "version": "0.7.34",
      "resolved": "https://registry.npmjs.org/@types/ms/-/ms-0.7.34.tgz",
      "integrity": "sha512-nG96G3Wp6acyAgJqGasjODb+acrI7KltPiRxzHPXnP3NgI28bpQDRv53olbqGXbfcgF5aiiHmO3xpwEpS5Ld9g==",
      "dev": true,
      "license": "MIT"
    },
    "node_modules/asynckit": {
      "version": "0.4.0",
      "resolved": "https://registry.npmjs.org/asynckit/-/asynckit-0.4.0.tgz",
      "integrity": "sha512-Oei9OH4tRh0YqU3GxhX79dM/mwVgvbZJaSNaRk+bshkj0S5cfHcgYakreBjrHwatXKbz+IoIdYLxrKim2MjW0Q=="
    },
    "node_modules/axios": {
      "version": "1.7.2",
      "resolved": "https://registry.npmjs.org/axios/-/axios-1.7.2.tgz",
      "integrity": "sha512-2A8QhOMrbomlDuiLeK9XibIBzuHeRcqqNOHp0Cyp5EoJ1IFDh+XZH3A6BkXtv0K4gFGCI0Y4BM7B1wOEi0Rmgw==",
      "dependencies": {
        "follow-redirects": "^1.15.6",
        "form-data": "^4.0.0",
        "proxy-from-env": "^1.1.0"
      }
    },
    "node_modules/combined-stream": {
      "version": "1.0.8",
      "resolved": "https://registry.npmjs.org/combined-stream/-/combined-stream-1.0.8.tgz",
      "integrity": "sha512-FQN4MRfuJeHf7cBbBMJFXhKSDq+2kAArBlmRBvcvFE5BB1HZKXtSFASDhdlz9zOYwxh8lDdnvmMOe/+5cdoEdg==",
      "dependencies": {
        "delayed-stream": "~1.0.0"
      },
      "engines": {
        "node": ">= 0.8"
      }
    },
    "node_modules/debug": {
      "version": "4.3.5",
      "resolved": "https://registry.npmjs.org/debug/-/debug-4.3.5.tgz",
      "integrity": "sha512-pt0bNEmneDIvdL1Xsd9oDQ/wrQRkXDT4AUWlNZNPKvW5x/jyO9VFXkJUP07vQ2upmw5PlaITaPKc31jK13V+jg==",
      "dependencies": {
        "ms": "2.1.2"
      },
      "engines": {
        "node": ">=6.0"
      },
      "peerDependenciesMeta": {
        "supports-color": {
          "optional": true
        }
      }
    },
    "node_modules/delayed-stream": {
      "version": "1.0.0",
      "resolved": "https://registry.npmjs.org/delayed-stream/-/delayed-stream-1.0.0.tgz",
      "integrity": "sha512-ZySD7Nf91aLB0RxL4KGrKHBXl7Eds1DAmEdcoVawXnLD7SDhpNgtuII2aAkg7a7QS41jxPSZ17p4VdGnMHk3MQ==",
      "engines": {
        "node": ">=0.4.0"
      }
    },
    "node_modules/follow-redirects": {
      "version": "1.15.6",
      "resolved": "https://registry.npmjs.org/follow-redirects/-/follow-redirects-1.15.6.tgz",
      "integrity": "sha512-wWN62YITEaOpSK584EZXJafH1AGpO8RVgElfkuXbTOrPX4fIfOyEpW/CsiNd8JdYrAoOvafRTOEnvsO++qCqFA==",
      "funding": [
        {
          "type": "individual",
          "url": "https://github.com/sponsors/RubenVerborgh"
        }
      ],
      "engines": {
        "node": ">=4.0"
      },
      "peerDependenciesMeta": {
        "debug": {
          "optional": true
        }
      }
    },
    "node_modules/form-data": {
      "version": "4.0.0",
      "resolved": "https://registry.npmjs.org/form-data/-/form-data-4.0.0.tgz",
      "integrity": "sha512-ETEklSGi5t0QMZuiXoA/Q6vcnxcLQP5vdugSpuAyi6SVGi2clPPp+xgEhuMaHC+zGgn31Kd235W35f7Hykkaww==",
      "dependencies": {
        "asynckit": "^0.4.0",
        "combined-stream": "^1.0.8",
        "mime-types": "^2.1.12"
      },
      "engines": {
        "node": ">= 6"
      }
    },
    "node_modules/mime-db": {
      "version": "1.52.0",
      "resolved": "https://registry.npmjs.org/mime-db/-/mime-db-1.52.0.tgz",
      "integrity": "sha512-sPU4uV7dYlvtWJxwwxHD0PuihVNiE7TyAbQ5SWxDCB9mUYvOgroQOwYQQOKPJ8CIbE+1ETVlOoK1UC2nU3gYvg==",
      "engines": {
        "node": ">= 0.6"
      }
    },
    "node_modules/mime-types": {
      "version": "2.1.35",
      "resolved": "https://registry.npmjs.org/mime-types/-/mime-types-2.1.35.tgz",
      "integrity": "sha512-ZDY+bPm5zTTF+YpCrAU9nK0UgICYPT0QtT1NZWFv4s++TNkcgVaT0g6+4R2uI4MjQjzysHB1zxuWL50hzaeXiw==",
      "dependencies": {
        "mime-db": "1.52.0"
      },
      "engines": {
        "node": ">= 0.6"
      }
    },
    "node_modules/ms": {
      "version": "2.1.2",
      "resolved": "https://registry.npmjs.org/ms/-/ms-2.1.2.tgz",
      "integrity": "sha512-sGkPx+VjMtmA6MX27oA4FBFELFCZZ4S4XqeGOXCv68tT+jb3vk/RyaKWP0PTKyWtmLSM0b+adUTEvbs1PEaH2w=="
    },
    "node_modules/oxlint": {
      "version": "0.5.3",
      "resolved": "https://registry.npmjs.org/oxlint/-/oxlint-0.5.3.tgz",
      "integrity": "sha512-U8esusepnWcBw1Mwj876kn9tdfDpahofeQm1+XTI3KhjbiBZJmULxvvwXK3zzLAC4fyyjlTR+XJwW0qPXvbJvw==",
      "dev": true,
      "bin": {
        "oxlint": "bin/oxlint"
      },
      "engines": {
        "node": ">=14.*"
      },
      "funding": {
        "url": "https://github.com/sponsors/Boshen"
      },
      "optionalDependencies": {
        "@oxlint/darwin-arm64": "0.5.3",
        "@oxlint/darwin-x64": "0.5.3",
        "@oxlint/linux-arm64-gnu": "0.5.3",
        "@oxlint/linux-arm64-musl": "0.5.3",
        "@oxlint/linux-x64-gnu": "0.5.3",
        "@oxlint/linux-x64-musl": "0.5.3",
        "@oxlint/win32-arm64": "0.5.3",
        "@oxlint/win32-x64": "0.5.3"
      }
    },
    "node_modules/proxy-from-env": {
      "version": "1.1.0",
      "resolved": "https://registry.npmjs.org/proxy-from-env/-/proxy-from-env-1.1.0.tgz",
      "integrity": "sha512-D+zkORCbA9f1tdWRK0RaCR3GPv50cMxcrz4X8k5LTSUD1Dkw47mKJEZQNunItRTkWwgtaUSo1RVFRIG9ZXiFYg=="
    },
    "node_modules/typescript": {
      "version": "5.5.3",
      "resolved": "https://registry.npmjs.org/typescript/-/typescript-5.5.3.tgz",
      "integrity": "sha512-/hreyEujaB0w76zKo6717l3L0o/qEUtRgdvUBvlkhoWeOVMjMuHNHk0BRBzikzuGDqNmPQbg5ifMEqsHLiIUcQ==",
      "dev": true,
      "bin": {
        "tsc": "bin/tsc",
        "tsserver": "bin/tsserver"
      },
      "engines": {
        "node": ">=14.17"
      }
    }
  }
}
